// !$*UTF8*$!
{
	archiveVersion = 1;
	classes = {
	};
	objectVersion = 46;
	objects = {

/* Begin PBXBuildFile section */
		04A4412FD750C9BE7D4CCFD4 /* Pods.framework in Frameworks */ = {isa = PBXBuildFile; fileRef = 3C16AAB401933258723D4A07 /* Pods.framework */; settings = {ATTRIBUTES = (Weak, ); }; };
		375D6CD61B032ED500B9835A /* AppDelegate.swift in Sources */ = {isa = PBXBuildFile; fileRef = 375D6CD51B032ED500B9835A /* AppDelegate.swift */; };
		375D6CD81B032ED500B9835A /* ViewController.swift in Sources */ = {isa = PBXBuildFile; fileRef = 375D6CD71B032ED500B9835A /* ViewController.swift */; };
		375D6CDB1B032ED500B9835A /* Main.storyboard in Resources */ = {isa = PBXBuildFile; fileRef = 375D6CD91B032ED500B9835A /* Main.storyboard */; };
		375D6CDD1B032ED500B9835A /* Images.xcassets in Resources */ = {isa = PBXBuildFile; fileRef = 375D6CDC1B032ED500B9835A /* Images.xcassets */; };
		375D6CE01B032ED500B9835A /* LaunchScreen.xib in Resources */ = {isa = PBXBuildFile; fileRef = 375D6CDE1B032ED500B9835A /* LaunchScreen.xib */; };
		375D6CEC1B032ED500B9835A /* ios_omniauth_facebookTests.swift in Sources */ = {isa = PBXBuildFile; fileRef = 375D6CEB1B032ED500B9835A /* ios_omniauth_facebookTests.swift */; };
/* End PBXBuildFile section */

/* Begin PBXContainerItemProxy section */
		375D6CE61B032ED500B9835A /* PBXContainerItemProxy */ = {
			isa = PBXContainerItemProxy;
			containerPortal = 375D6CC81B032ED500B9835A /* Project object */;
			proxyType = 1;
			remoteGlobalIDString = 375D6CCF1B032ED500B9835A;
			remoteInfo = "ios-omniauth-facebook";
		};
/* End PBXContainerItemProxy section */

/* Begin PBXFileReference section */
		375D6CD01B032ED500B9835A /* ios-omniauth-facebook.app */ = {isa = PBXFileReference; explicitFileType = wrapper.application; includeInIndex = 0; path = "ios-omniauth-facebook.app"; sourceTree = BUILT_PRODUCTS_DIR; };
		375D6CD41B032ED500B9835A /* Info.plist */ = {isa = PBXFileReference; lastKnownFileType = text.plist.xml; path = Info.plist; sourceTree = "<group>"; };
		375D6CD51B032ED500B9835A /* AppDelegate.swift */ = {isa = PBXFileReference; lastKnownFileType = sourcecode.swift; path = AppDelegate.swift; sourceTree = "<group>"; };
		375D6CD71B032ED500B9835A /* ViewController.swift */ = {isa = PBXFileReference; lastKnownFileType = sourcecode.swift; path = ViewController.swift; sourceTree = "<group>"; };
		375D6CDA1B032ED500B9835A /* Base */ = {isa = PBXFileReference; lastKnownFileType = file.storyboard; name = Base; path = Base.lproj/Main.storyboard; sourceTree = "<group>"; };
		375D6CDC1B032ED500B9835A /* Images.xcassets */ = {isa = PBXFileReference; lastKnownFileType = folder.assetcatalog; path = Images.xcassets; sourceTree = "<group>"; };
		375D6CDF1B032ED500B9835A /* Base */ = {isa = PBXFileReference; lastKnownFileType = file.xib; name = Base; path = Base.lproj/LaunchScreen.xib; sourceTree = "<group>"; };
		375D6CE51B032ED500B9835A /* ios-omniauth-facebookTests.xctest */ = {isa = PBXFileReference; explicitFileType = wrapper.cfbundle; includeInIndex = 0; path = "ios-omniauth-facebookTests.xctest"; sourceTree = BUILT_PRODUCTS_DIR; };
		375D6CEA1B032ED500B9835A /* Info.plist */ = {isa = PBXFileReference; lastKnownFileType = text.plist.xml; path = Info.plist; sourceTree = "<group>"; };
		375D6CEB1B032ED500B9835A /* ios_omniauth_facebookTests.swift */ = {isa = PBXFileReference; lastKnownFileType = sourcecode.swift; path = ios_omniauth_facebookTests.swift; sourceTree = "<group>"; };
		3C16AAB401933258723D4A07 /* Pods.framework */ = {isa = PBXFileReference; explicitFileType = wrapper.framework; includeInIndex = 0; path = Pods.framework; sourceTree = BUILT_PRODUCTS_DIR; };
		47B056BDD493D9E8968245A9 /* Pods.debug.xcconfig */ = {isa = PBXFileReference; includeInIndex = 1; lastKnownFileType = text.xcconfig; name = Pods.debug.xcconfig; path = "Pods/Target Support Files/Pods/Pods.debug.xcconfig"; sourceTree = "<group>"; };
		6DB118591BF8B4B569358C83 /* Pods.release.xcconfig */ = {isa = PBXFileReference; includeInIndex = 1; lastKnownFileType = text.xcconfig; name = Pods.release.xcconfig; path = "Pods/Target Support Files/Pods/Pods.release.xcconfig"; sourceTree = "<group>"; };
/* End PBXFileReference section */

/* Begin PBXFrameworksBuildPhase section */
		375D6CCD1B032ED500B9835A /* Frameworks */ = {
			isa = PBXFrameworksBuildPhase;
			buildActionMask = 2147483647;
			files = (
				04A4412FD750C9BE7D4CCFD4 /* Pods.framework in Frameworks */,
			);
			runOnlyForDeploymentPostprocessing = 0;
		};
		375D6CE21B032ED500B9835A /* Frameworks */ = {
			isa = PBXFrameworksBuildPhase;
			buildActionMask = 2147483647;
			files = (
			);
			runOnlyForDeploymentPostprocessing = 0;
		};
/* End PBXFrameworksBuildPhase section */

/* Begin PBXGroup section */
		375D6CC71B032ED500B9835A = {
			isa = PBXGroup;
			children = (
				375D6CD21B032ED500B9835A /* ios-omniauth-facebook */,
				375D6CE81B032ED500B9835A /* ios-omniauth-facebookTests */,
				375D6CD11B032ED500B9835A /* Products */,
				9A83177CD08A58FA26A4BFB3 /* Pods */,
				847A841B7505546F52177F54 /* Frameworks */,
			);
			sourceTree = "<group>";
		};
		375D6CD11B032ED500B9835A /* Products */ = {
			isa = PBXGroup;
			children = (
				375D6CD01B032ED500B9835A /* ios-omniauth-facebook.app */,
				375D6CE51B032ED500B9835A /* ios-omniauth-facebookTests.xctest */,
			);
			name = Products;
			sourceTree = "<group>";
		};
		375D6CD21B032ED500B9835A /* ios-omniauth-facebook */ = {
			isa = PBXGroup;
			children = (
				375D6CD51B032ED500B9835A /* AppDelegate.swift */,
				375D6CD71B032ED500B9835A /* ViewController.swift */,
				375D6CD91B032ED500B9835A /* Main.storyboard */,
				375D6CDC1B032ED500B9835A /* Images.xcassets */,
				375D6CDE1B032ED500B9835A /* LaunchScreen.xib */,
				375D6CD31B032ED500B9835A /* Supporting Files */,
			);
			path = "ios-omniauth-facebook";
			sourceTree = "<group>";
		};
		375D6CD31B032ED500B9835A /* Supporting Files */ = {
			isa = PBXGroup;
			children = (
				375D6CD41B032ED500B9835A /* Info.plist */,
			);
			name = "Supporting Files";
			sourceTree = "<group>";
		};
		375D6CE81B032ED500B9835A /* ios-omniauth-facebookTests */ = {
			isa = PBXGroup;
			children = (
				375D6CEB1B032ED500B9835A /* ios_omniauth_facebookTests.swift */,
				375D6CE91B032ED500B9835A /* Supporting Files */,
			);
			path = "ios-omniauth-facebookTests";
			sourceTree = "<group>";
		};
		375D6CE91B032ED500B9835A /* Supporting Files */ = {
			isa = PBXGroup;
			children = (
				375D6CEA1B032ED500B9835A /* Info.plist */,
			);
			name = "Supporting Files";
			sourceTree = "<group>";
		};
		847A841B7505546F52177F54 /* Frameworks */ = {
			isa = PBXGroup;
			children = (
				3C16AAB401933258723D4A07 /* Pods.framework */,
			);
			name = Frameworks;
			sourceTree = "<group>";
		};
		9A83177CD08A58FA26A4BFB3 /* Pods */ = {
			isa = PBXGroup;
			children = (
				47B056BDD493D9E8968245A9 /* Pods.debug.xcconfig */,
				6DB118591BF8B4B569358C83 /* Pods.release.xcconfig */,
			);
			name = Pods;
			sourceTree = "<group>";
		};
/* End PBXGroup section */

/* Begin PBXNativeTarget section */
		375D6CCF1B032ED500B9835A /* ios-omniauth-facebook */ = {
			isa = PBXNativeTarget;
			buildConfigurationList = 375D6CEF1B032ED500B9835A /* Build configuration list for PBXNativeTarget "ios-omniauth-facebook" */;
			buildPhases = (
				6A1DF22156CD3B35668475BF /* Check Pods Manifest.lock */,
				375D6CCC1B032ED500B9835A /* Sources */,
				375D6CCD1B032ED500B9835A /* Frameworks */,
				375D6CCE1B032ED500B9835A /* Resources */,
				61382CEDCDDAADF92699058A /* Embed Pods Frameworks */,
				AF95FAA2AC66B1F101B2B7D1 /* Copy Pods Resources */,
			);
			buildRules = (
			);
			dependencies = (
			);
			name = "ios-omniauth-facebook";
			productName = "ios-omniauth-facebook";
			productReference = 375D6CD01B032ED500B9835A /* ios-omniauth-facebook.app */;
			productType = "com.apple.product-type.application";
		};
		375D6CE41B032ED500B9835A /* ios-omniauth-facebookTests */ = {
			isa = PBXNativeTarget;
			buildConfigurationList = 375D6CF21B032ED500B9835A /* Build configuration list for PBXNativeTarget "ios-omniauth-facebookTests" */;
			buildPhases = (
				375D6CE11B032ED500B9835A /* Sources */,
				375D6CE21B032ED500B9835A /* Frameworks */,
				375D6CE31B032ED500B9835A /* Resources */,
			);
			buildRules = (
			);
			dependencies = (
				375D6CE71B032ED500B9835A /* PBXTargetDependency */,
			);
			name = "ios-omniauth-facebookTests";
			productName = "ios-omniauth-facebookTests";
			productReference = 375D6CE51B032ED500B9835A /* ios-omniauth-facebookTests.xctest */;
			productType = "com.apple.product-type.bundle.unit-test";
		};
/* End PBXNativeTarget section */

/* Begin PBXProject section */
		375D6CC81B032ED500B9835A /* Project object */ = {
			isa = PBXProject;
			attributes = {
				LastUpgradeCheck = 0630;
				ORGANIZATIONNAME = Nicolas;
				TargetAttributes = {
					375D6CCF1B032ED500B9835A = {
						CreatedOnToolsVersion = 6.3.1;
					};
					375D6CE41B032ED500B9835A = {
						CreatedOnToolsVersion = 6.3.1;
						TestTargetID = 375D6CCF1B032ED500B9835A;
					};
				};
			};
			buildConfigurationList = 375D6CCB1B032ED500B9835A /* Build configuration list for PBXProject "ios-omniauth-facebook" */;
			compatibilityVersion = "Xcode 3.2";
			developmentRegion = English;
			hasScannedForEncodings = 0;
			knownRegions = (
				en,
				Base,
			);
			mainGroup = 375D6CC71B032ED500B9835A;
			productRefGroup = 375D6CD11B032ED500B9835A /* Products */;
			projectDirPath = "";
			projectRoot = "";
			targets = (
				375D6CCF1B032ED500B9835A /* ios-omniauth-facebook */,
				375D6CE41B032ED500B9835A /* ios-omniauth-facebookTests */,
			);
		};
/* End PBXProject section */

/* Begin PBXResourcesBuildPhase section */
		375D6CCE1B032ED500B9835A /* Resources */ = {
			isa = PBXResourcesBuildPhase;
			buildActionMask = 2147483647;
			files = (
				375D6CDB1B032ED500B9835A /* Main.storyboard in Resources */,
				375D6CE01B032ED500B9835A /* LaunchScreen.xib in Resources */,
				375D6CDD1B032ED500B9835A /* Images.xcassets in Resources */,
			);
			runOnlyForDeploymentPostprocessing = 0;
		};
		375D6CE31B032ED500B9835A /* Resources */ = {
			isa = PBXResourcesBuildPhase;
			buildActionMask = 2147483647;
			files = (
			);
			runOnlyForDeploymentPostprocessing = 0;
		};
/* End PBXResourcesBuildPhase section */

/* Begin PBXShellScriptBuildPhase section */
		61382CEDCDDAADF92699058A /* Embed Pods Frameworks */ = {
			isa = PBXShellScriptBuildPhase;
			buildActionMask = 2147483647;
			files = (
			);
			inputPaths = (
			);
			name = "Embed Pods Frameworks";
			outputPaths = (
			);
			runOnlyForDeploymentPostprocessing = 0;
			shellPath = /bin/sh;
			shellScript = "\"${SRCROOT}/Pods/Target Support Files/Pods/Pods-frameworks.sh\"\n";
			showEnvVarsInLog = 0;
		};
		6A1DF22156CD3B35668475BF /* Check Pods Manifest.lock */ = {
			isa = PBXShellScriptBuildPhase;
			buildActionMask = 2147483647;
			files = (
			);
			inputPaths = (
			);
			name = "Check Pods Manifest.lock";
			outputPaths = (
			);
			runOnlyForDeploymentPostprocessing = 0;
			shellPath = /bin/sh;
			shellScript = "diff \"${PODS_ROOT}/../Podfile.lock\" \"${PODS_ROOT}/Manifest.lock\" > /dev/null\nif [[ $? != 0 ]] ; then\n    cat << EOM\nerror: The sandbox is not in sync with the Podfile.lock. Run 'pod install' or update your CocoaPods installation.\nEOM\n    exit 1\nfi\n";
			showEnvVarsInLog = 0;
		};
		AF95FAA2AC66B1F101B2B7D1 /* Copy Pods Resources */ = {
			isa = PBXShellScriptBuildPhase;
			buildActionMask = 2147483647;
			files = (
			);
			inputPaths = (
			);
			name = "Copy Pods Resources";
			outputPaths = (
			);
			runOnlyForDeploymentPostprocessing = 0;
			shellPath = /bin/sh;
			shellScript = "\"${SRCROOT}/Pods/Target Support Files/Pods/Pods-resources.sh\"\n";
			showEnvVarsInLog = 0;
		};
/* End PBXShellScriptBuildPhase section */

/* Begin PBXSourcesBuildPhase section */
		375D6CCC1B032ED500B9835A /* Sources */ = {
			isa = PBXSourcesBuildPhase;
			buildActionMask = 2147483647;
			files = (
				375D6CD81B032ED500B9835A /* ViewController.swift in Sources */,
				375D6CD61B032ED500B9835A /* AppDelegate.swift in Sources */,
			);
			runOnlyForDeploymentPostprocessing = 0;
		};
		375D6CE11B032ED500B9835A /* Sources */ = {
			isa = PBXSourcesBuildPhase;
			buildActionMask = 2147483647;
			files = (
				375D6CEC1B032ED500B9835A /* ios_omniauth_facebookTests.swift in Sources */,
			);
			runOnlyForDeploymentPostprocessing = 0;
		};
/* End PBXSourcesBuildPhase section */

/* Begin PBXTargetDependency section */
		375D6CE71B032ED500B9835A /* PBXTargetDependency */ = {
			isa = PBXTargetDependency;
			target = 375D6CCF1B032ED500B9835A /* ios-omniauth-facebook */;
			targetProxy = 375D6CE61B032ED500B9835A /* PBXContainerItemProxy */;
		};
/* End PBXTargetDependency section */

/* Begin PBXVariantGroup section */
		375D6CD91B032ED500B9835A /* Main.storyboard */ = {
			isa = PBXVariantGroup;
			children = (
				375D6CDA1B032ED500B9835A /* Base */,
			);
			name = Main.storyboard;
			sourceTree = "<group>";
		};
		375D6CDE1B032ED500B9835A /* LaunchScreen.xib */ = {
			isa = PBXVariantGroup;
			children = (
				375D6CDF1B032ED500B9835A /* Base */,
			);
			name = LaunchScreen.xib;
			sourceTree = "<group>";
		};
/* End PBXVariantGroup section */

/* Begin XCBuildConfiguration section */
		375D6CED1B032ED500B9835A /* Debug */ = {
			isa = XCBuildConfiguration;
			buildSettings = {
				ALWAYS_SEARCH_USER_PATHS = NO;
				CLANG_CXX_LANGUAGE_STANDARD = "gnu++0x";
				CLANG_CXX_LIBRARY = "libc++";
				CLANG_ENABLE_MODULES = YES;
				CLANG_ENABLE_OBJC_ARC = YES;
				CLANG_WARN_BOOL_CONVERSION = YES;
				CLANG_WARN_CONSTANT_CONVERSION = YES;
				CLANG_WARN_DIRECT_OBJC_ISA_USAGE = YES_ERROR;
				CLANG_WARN_EMPTY_BODY = YES;
				CLANG_WARN_ENUM_CONVERSION = YES;
				CLANG_WARN_INT_CONVERSION = YES;
				CLANG_WARN_OBJC_ROOT_CLASS = YES_ERROR;
				CLANG_WARN_UNREACHABLE_CODE = YES;
				CLANG_WARN__DUPLICATE_METHOD_MATCH = YES;
				"CODE_SIGN_IDENTITY[sdk=iphoneos*]" = "iPhone Developer";
				COPY_PHASE_STRIP = NO;
				DEBUG_INFORMATION_FORMAT = "dwarf-with-dsym";
				ENABLE_STRICT_OBJC_MSGSEND = YES;
				GCC_C_LANGUAGE_STANDARD = gnu99;
				GCC_DYNAMIC_NO_PIC = NO;
				GCC_NO_COMMON_BLOCKS = YES;
				GCC_OPTIMIZATION_LEVEL = 0;
				GCC_PREPROCESSOR_DEFINITIONS = (
					"DEBUG=1",
					"$(inherited)",
				);
				GCC_SYMBOLS_PRIVATE_EXTERN = NO;
				GCC_WARN_64_TO_32_BIT_CONVERSION = YES;
				GCC_WARN_ABOUT_RETURN_TYPE = YES_ERROR;
				GCC_WARN_UNDECLARED_SELECTOR = YES;
				GCC_WARN_UNINITIALIZED_AUTOS = YES_AGGRESSIVE;
				GCC_WARN_UNUSED_FUNCTION = YES;
				GCC_WARN_UNUSED_VARIABLE = YES;
				IPHONEOS_DEPLOYMENT_TARGET = 8.3;
				MTL_ENABLE_DEBUG_INFO = YES;
				ONLY_ACTIVE_ARCH = YES;
				SDKROOT = iphoneos;
				SWIFT_OPTIMIZATION_LEVEL = "-Onone";
			};
			name = Debug;
		};
		375D6CEE1B032ED500B9835A /* Release */ = {
			isa = XCBuildConfiguration;
			buildSettings = {
				ALWAYS_SEARCH_USER_PATHS = NO;
				CLANG_CXX_LANGUAGE_STANDARD = "gnu++0x";
				CLANG_CXX_LIBRARY = "libc++";
				CLANG_ENABLE_MODULES = YES;
				CLANG_ENABLE_OBJC_ARC = YES;
				CLANG_WARN_BOOL_CONVERSION = YES;
				CLANG_WARN_CONSTANT_CONVERSION = YES;
				CLANG_WARN_DIRECT_OBJC_ISA_USAGE = YES_ERROR;
				CLANG_WARN_EMPTY_BODY = YES;
				CLANG_WARN_ENUM_CONVERSION = YES;
				CLANG_WARN_INT_CONVERSION = YES;
				CLANG_WARN_OBJC_ROOT_CLASS = YES_ERROR;
				CLANG_WARN_UNREACHABLE_CODE = YES;
				CLANG_WARN__DUPLICATE_METHOD_MATCH = YES;
				"CODE_SIGN_IDENTITY[sdk=iphoneos*]" = "iPhone Developer";
				COPY_PHASE_STRIP = NO;
				DEBUG_INFORMATION_FORMAT = "dwarf-with-dsym";
				ENABLE_NS_ASSERTIONS = NO;
				ENABLE_STRICT_OBJC_MSGSEND = YES;
				GCC_C_LANGUAGE_STANDARD = gnu99;
				GCC_NO_COMMON_BLOCKS = YES;
				GCC_WARN_64_TO_32_BIT_CONVERSION = YES;
				GCC_WARN_ABOUT_RETURN_TYPE = YES_ERROR;
				GCC_WARN_UNDECLARED_SELECTOR = YES;
				GCC_WARN_UNINITIALIZED_AUTOS = YES_AGGRESSIVE;
				GCC_WARN_UNUSED_FUNCTION = YES;
				GCC_WARN_UNUSED_VARIABLE = YES;
				IPHONEOS_DEPLOYMENT_TARGET = 8.3;
				MTL_ENABLE_DEBUG_INFO = NO;
				SDKROOT = iphoneos;
				VALIDATE_PRODUCT = YES;
			};
			name = Release;
		};
		375D6CF01B032ED500B9835A /* Debug */ = {
			isa = XCBuildConfiguration;
			baseConfigurationReference = 47B056BDD493D9E8968245A9 /* Pods.debug.xcconfig */;
			buildSettings = {
				ASSETCATALOG_COMPILER_APPICON_NAME = AppIcon;
				INFOPLIST_FILE = "ios-omniauth-facebook/Info.plist";
				LD_RUNPATH_SEARCH_PATHS = "$(inherited) @executable_path/Frameworks";
				PRODUCT_NAME = "$(TARGET_NAME)";
			};
			name = Debug;
		};
		375D6CF11B032ED500B9835A /* Release */ = {
			isa = XCBuildConfiguration;
			baseConfigurationReference = 6DB118591BF8B4B569358C83 /* Pods.release.xcconfig */;
			buildSettings = {
				ASSETCATALOG_COMPILER_APPICON_NAME = AppIcon;
				INFOPLIST_FILE = "ios-omniauth-facebook/Info.plist";
				LD_RUNPATH_SEARCH_PATHS = "$(inherited) @executable_path/Frameworks";
				PRODUCT_NAME = "$(TARGET_NAME)";
			};
			name = Release;
		};
		375D6CF31B032ED500B9835A /* Debug */ = {
			isa = XCBuildConfiguration;
			buildSettings = {
				BUNDLE_LOADER = "$(TEST_HOST)";
				FRAMEWORK_SEARCH_PATHS = (
					"$(SDKROOT)/Developer/Library/Frameworks",
					"$(inherited)",
				);
				GCC_PREPROCESSOR_DEFINITIONS = (
					"DEBUG=1",
					"$(inherited)",
				);
				INFOPLIST_FILE = "ios-omniauth-facebookTests/Info.plist";
				LD_RUNPATH_SEARCH_PATHS = "$(inherited) @executable_path/Frameworks @loader_path/Frameworks";
				PRODUCT_NAME = "$(TARGET_NAME)";
				TEST_HOST = "$(BUILT_PRODUCTS_DIR)/ios-omniauth-facebook.app/ios-omniauth-facebook";
			};
			name = Debug;
		};
		375D6CF41B032ED500B9835A /* Release */ = {
			isa = XCBuildConfiguration;
			buildSettings = {
				BUNDLE_LOADER = "$(TEST_HOST)";
				FRAMEWORK_SEARCH_PATHS = (
					"$(SDKROOT)/Developer/Library/Frameworks",
					"$(inherited)",
				);
				INFOPLIST_FILE = "ios-omniauth-facebookTests/Info.plist";
				LD_RUNPATH_SEARCH_PATHS = "$(inherited) @executable_path/Frameworks @loader_path/Frameworks";
				PRODUCT_NAME = "$(TARGET_NAME)";
				TEST_HOST = "$(BUILT_PRODUCTS_DIR)/ios-omniauth-facebook.app/ios-omniauth-facebook";
			};
			name = Release;
		};
/* End XCBuildConfiguration section */

/* Begin XCConfigurationList section */
		375D6CCB1B032ED500B9835A /* Build configuration list for PBXProject "ios-omniauth-facebook" */ = {
			isa = XCConfigurationList;
			buildConfigurations = (
				375D6CED1B032ED500B9835A /* Debug */,
				375D6CEE1B032ED500B9835A /* Release */,
			);
			defaultConfigurationIsVisible = 0;
			defaultConfigurationName = Release;
		};
		375D6CEF1B032ED500B9835A /* Build configuration list for PBXNativeTarget "ios-omniauth-facebook" */ = {
			isa = XCConfigurationList;
			buildConfigurations = (
				375D6CF01B032ED500B9835A /* Debug */,
				375D6CF11B032ED500B9835A /* Release */,
			);
			defaultConfigurationIsVisible = 0;
			defaultConfigurationName = Release;
		};
		375D6CF21B032ED500B9835A /* Build configuration list for PBXNativeTarget "ios-omniauth-facebookTests" */ = {
			isa = XCConfigurationList;
			buildConfigurations = (
				375D6CF31B032ED500B9835A /* Debug */,
				375D6CF41B032ED500B9835A /* Release */,
			);
			defaultConfigurationIsVisible = 0;
			defaultConfigurationName = Release;
		};
/* End XCConfigurationList section */
	};
	rootObject = 375D6CC81B032ED500B9835A /* Project object */;
}
